
Microsoft Visual Studio Solution File, Format Version 12.00
# Visual Studio Version 16
VisualStudioVersion = 16.0.29920.165
MinimumVisualStudioVersion = 10.0.40219.1
Project("{FAE04EC0-301F-11D3-BF4B-00C04F79EFBC}") = "LearnToCode.Collections", "LearnToCode.Collections\LearnToCode.Collections.csproj", "{C8019545-86CC-4DEA-95C0-ADC90E588365}"
EndProject
Project("{FAE04EC0-301F-11D3-BF4B-00C04F79EFBC}") = "LearnToCode.Collections.Tests", "LearnToCode.Collections.Tests\LearnToCode.Collections.Tests.csproj", "{F4608DAC-7A3F-44F0-B810-8CC216BDED70}"
EndProject
Global
	GlobalSection(SolutionConfigurationPlatforms) = preSolution
		Debug|Any CPU = Debug|Any CPU
		Release|Any CPU = Release|Any CPU
	EndGlobalSection
	GlobalSection(ProjectConfigurationPlatforms) = postSolution
		{C8019545-86CC-4DEA-95C0-ADC90E588365}.Debug|Any CPU.ActiveCfg = Debug|Any CPU
		{C8019545-86CC-4DEA-95C0-ADC90E588365}.Debug|Any CPU.Build.0 = Debug|Any CPU
		{C8019545-86CC-4DEA-95C0-ADC90E588365}.Release|Any CPU.ActiveCfg = Release|Any CPU
		{C8019545-86CC-4DEA-95C0-ADC90E588365}.Release|Any CPU.Build.0 = Release|Any CPU
		{F4608DAC-7A3F-44F0-B810-8CC216BDED70}.Debug|Any CPU.ActiveCfg = Debug|Any CPU
		{F4608DAC-7A3F-44F0-B810-8CC216BDED70}.Debug|Any CPU.Build.0 = Debug|Any CPU
		{F4608DAC-7A3F-44F0-B810-8CC216BDED70}.Release|Any CPU.ActiveCfg = Release|Any CPU
		{F4608DAC-7A3F-44F0-B810-8CC216BDED70}.Release|Any CPU.Build.0 = Release|Any CPU
	EndGlobalSection
	GlobalSection(SolutionProperties) = preSolution
		HideSolutionNode = FALSE
	EndGlobalSection
	GlobalSection(ExtensibilityGlobals) = postSolution
		SolutionGuid = {72549735-5A24-4D5D-972A-1F426D478838}
	EndGlobalSection
EndGlobal
